
Microsoft Visual Studio Solution File, Format Version 12.00
# Visual Studio Version 17
VisualStudioVersion = 17.8.34525.116
MinimumVisualStudioVersion = 10.0.40219.1
Project("{FAE04EC0-301F-11D3-BF4B-00C04F79EFBC}") = "ServicesProvider.UI", "ServicesProvider.UI\ServicesProvider.UI.csproj", "{E6566F21-55D1-4E59-B225-AA96D08F3EBC}"
EndProject
Project("{FAE04EC0-301F-11D3-BF4B-00C04F79EFBC}") = "ServicesProvider.Core", "ServicesProvider.Core\ServicesProvider.Core.csproj", "{3C49BD0C-6339-4415-ACA1-47D9BC14DAED}"
EndProject
Project("{FAE04EC0-301F-11D3-BF4B-00C04F79EFBC}") = "ServicesProvider.Infrastructure", "ServicesProvider.Infrastructure\ServicesProvider.Infrastructure.csproj", "{14C8FFBB-D66E-4D86-AB54-BEBB6F6EB0A9}"
EndProject
Global
	GlobalSection(SolutionConfigurationPlatforms) = preSolution
		Debug|Any CPU = Debug|Any CPU
		Release|Any CPU = Release|Any CPU
	EndGlobalSection
	GlobalSection(ProjectConfigurationPlatforms) = postSolution
		{E6566F21-55D1-4E59-B225-AA96D08F3EBC}.Debug|Any CPU.ActiveCfg = Debug|Any CPU
		{E6566F21-55D1-4E59-B225-AA96D08F3EBC}.Debug|Any CPU.Build.0 = Debug|Any CPU
		{E6566F21-55D1-4E59-B225-AA96D08F3EBC}.Release|Any CPU.ActiveCfg = Release|Any CPU
		{E6566F21-55D1-4E59-B225-AA96D08F3EBC}.Release|Any CPU.Build.0 = Release|Any CPU
		{3C49BD0C-6339-4415-ACA1-47D9BC14DAED}.Debug|Any CPU.ActiveCfg = Debug|Any CPU
		{3C49BD0C-6339-4415-ACA1-47D9BC14DAED}.Debug|Any CPU.Build.0 = Debug|Any CPU
		{3C49BD0C-6339-4415-ACA1-47D9BC14DAED}.Release|Any CPU.ActiveCfg = Release|Any CPU
		{3C49BD0C-6339-4415-ACA1-47D9BC14DAED}.Release|Any CPU.Build.0 = Release|Any CPU
		{14C8FFBB-D66E-4D86-AB54-BEBB6F6EB0A9}.Debug|Any CPU.ActiveCfg = Debug|Any CPU
		{14C8FFBB-D66E-4D86-AB54-BEBB6F6EB0A9}.Debug|Any CPU.Build.0 = Debug|Any CPU
		{14C8FFBB-D66E-4D86-AB54-BEBB6F6EB0A9}.Release|Any CPU.ActiveCfg = Release|Any CPU
		{14C8FFBB-D66E-4D86-AB54-BEBB6F6EB0A9}.Release|Any CPU.Build.0 = Release|Any CPU
	EndGlobalSection
	GlobalSection(SolutionProperties) = preSolution
		HideSolutionNode = FALSE
	EndGlobalSection
	GlobalSection(ExtensibilityGlobals) = postSolution
		SolutionGuid = {15D32706-578C-417D-BFFA-0CD274464678}
	EndGlobalSection
EndGlobal
